// !$*UTF8*$!
{
	archiveVersion = 1;
	classes = {
	};
	objectVersion = 51;
	objects = {

/* Begin PBXBuildFile section */
		040356D226A67AFE00277966 /* homTabBarcontroller.swift in Sources */ = {isa = PBXBuildFile; fileRef = 040356D126A67AFE00277966 /* homTabBarcontroller.swift */; };
		040356E626A6CD7800277966 /* tabBarVC.swift in Sources */ = {isa = PBXBuildFile; fileRef = 040356E526A6CD7800277966 /* tabBarVC.swift */; };
		0403571226A7CFB200277966 /* SeachViewController.swift in Sources */ = {isa = PBXBuildFile; fileRef = 0403571126A7CFB200277966 /* SeachViewController.swift */; };
		0403571526A7CFC200277966 /* FavViewController.swift in Sources */ = {isa = PBXBuildFile; fileRef = 0403571426A7CFC200277966 /* FavViewController.swift */; };
		0403571C26A7DA3F00277966 /* SlideMenu.swift in Sources */ = {isa = PBXBuildFile; fileRef = 0403571B26A7DA3F00277966 /* SlideMenu.swift */; };
		0403572326A7DB7B00277966 /* ProfileVC.swift in Sources */ = {isa = PBXBuildFile; fileRef = 0403572226A7DB7B00277966 /* ProfileVC.swift */; };
		0403572626A7DB9100277966 /* SettingsVC.swift in Sources */ = {isa = PBXBuildFile; fileRef = 0403572526A7DB9100277966 /* SettingsVC.swift */; };
		0403572926A7DBAA00277966 /* LogoutVC.swift in Sources */ = {isa = PBXBuildFile; fileRef = 0403572826A7DBAA00277966 /* LogoutVC.swift */; };
		0403572C26A7DD7A00277966 /* SlideInTransition.swift in Sources */ = {isa = PBXBuildFile; fileRef = 0403572B26A7DD7A00277966 /* SlideInTransition.swift */; };
		040724D4269D277800DC690E /* Imagedownload.swift in Sources */ = {isa = PBXBuildFile; fileRef = 040724D3269D277800DC690E /* Imagedownload.swift */; };
		0407274F269E804900623B41 /* Constants.swift in Sources */ = {isa = PBXBuildFile; fileRef = 0407274E269E804900623B41 /* Constants.swift */; };
		04072771269FCDEF00623B41 /* ImageSet.swift in Sources */ = {isa = PBXBuildFile; fileRef = 04072770269FCDEF00623B41 /* ImageSet.swift */; };
		04072775269FDE2800623B41 /* UpTableViewCell.swift in Sources */ = {isa = PBXBuildFile; fileRef = 04072773269FDE2800623B41 /* UpTableViewCell.swift */; };
		04072776269FDE2800623B41 /* UpTableViewCell.xib in Resources */ = {isa = PBXBuildFile; fileRef = 04072774269FDE2800623B41 /* UpTableViewCell.xib */; };
		042324F826A175BD00CD827E /* detaiViewController.swift in Sources */ = {isa = PBXBuildFile; fileRef = 042324F726A175BD00CD827E /* detaiViewController.swift */; };
		0451C9322698432000FA4DAC /* AppDelegate.swift in Sources */ = {isa = PBXBuildFile; fileRef = 0451C9312698432000FA4DAC /* AppDelegate.swift */; };
		0451C9342698432000FA4DAC /* SceneDelegate.swift in Sources */ = {isa = PBXBuildFile; fileRef = 0451C9332698432000FA4DAC /* SceneDelegate.swift */; };
		0451C9392698432000FA4DAC /* Main.storyboard in Resources */ = {isa = PBXBuildFile; fileRef = 0451C9372698432000FA4DAC /* Main.storyboard */; };
		0451C93B2698432200FA4DAC /* Assets.xcassets in Resources */ = {isa = PBXBuildFile; fileRef = 0451C93A2698432200FA4DAC /* Assets.xcassets */; };
		0451C93E2698432200FA4DAC /* LaunchScreen.storyboard in Resources */ = {isa = PBXBuildFile; fileRef = 0451C93C2698432200FA4DAC /* LaunchScreen.storyboard */; };
		0451C94A2698497000FA4DAC /* MovieDataModel.swift in Sources */ = {isa = PBXBuildFile; fileRef = 0451C9492698497000FA4DAC /* MovieDataModel.swift */; };
		0451C95126984EC800FA4DAC /* HomeMovie.swift in Sources */ = {isa = PBXBuildFile; fileRef = 0451C95026984EC800FA4DAC /* HomeMovie.swift */; };
		0451C9642698589800FA4DAC /* HomeTableViewCell.swift in Sources */ = {isa = PBXBuildFile; fileRef = 0451C9622698589800FA4DAC /* HomeTableViewCell.swift */; };
		0451C9652698589800FA4DAC /* HomeTableViewCell.xib in Resources */ = {isa = PBXBuildFile; fileRef = 0451C9632698589800FA4DAC /* HomeTableViewCell.xib */; };
		0451C9692698596200FA4DAC /* HomeCollectionViewCell.swift in Sources */ = {isa = PBXBuildFile; fileRef = 0451C9672698596200FA4DAC /* HomeCollectionViewCell.swift */; };
		0451C96A2698596200FA4DAC /* HomeCollectionViewCell.xib in Resources */ = {isa = PBXBuildFile; fileRef = 0451C9682698596200FA4DAC /* HomeCollectionViewCell.xib */; };
		0451C96F269BDF6A00FA4DAC /* MovieData.swift in Sources */ = {isa = PBXBuildFile; fileRef = 0451C96E269BDF6A00FA4DAC /* MovieData.swift */; };
		0451C97B269C173500FA4DAC /* Movie.json in Resources */ = {isa = PBXBuildFile; fileRef = 0451C97A269C173500FA4DAC /* Movie.json */; };
		88A7E5625B7FCBB6E3B1B301 /* Pods_Movie_2.framework in Frameworks */ = {isa = PBXBuildFile; fileRef = 975C7E61E1AE536C7C0B40E2 /* Pods_Movie_2.framework */; };
/* End PBXBuildFile section */

/* Begin PBXFileReference section */
		040356D126A67AFE00277966 /* homTabBarcontroller.swift */ = {isa = PBXFileReference; fileEncoding = 4; lastKnownFileType = sourcecode.swift; path = homTabBarcontroller.swift; sourceTree = "<group>"; };
		040356E526A6CD7800277966 /* tabBarVC.swift */ = {isa = PBXFileReference; lastKnownFileType = sourcecode.swift; path = tabBarVC.swift; sourceTree = "<group>"; };
		0403571126A7CFB200277966 /* SeachViewController.swift */ = {isa = PBXFileReference; lastKnownFileType = sourcecode.swift; path = SeachViewController.swift; sourceTree = "<group>"; };
		0403571426A7CFC200277966 /* FavViewController.swift */ = {isa = PBXFileReference; lastKnownFileType = sourcecode.swift; path = FavViewController.swift; sourceTree = "<group>"; };
		0403571B26A7DA3F00277966 /* SlideMenu.swift */ = {isa = PBXFileReference; lastKnownFileType = sourcecode.swift; path = SlideMenu.swift; sourceTree = "<group>"; };
		0403572226A7DB7B00277966 /* ProfileVC.swift */ = {isa = PBXFileReference; lastKnownFileType = sourcecode.swift; path = ProfileVC.swift; sourceTree = "<group>"; };
		0403572526A7DB9100277966 /* SettingsVC.swift */ = {isa = PBXFileReference; lastKnownFileType = sourcecode.swift; path = SettingsVC.swift; sourceTree = "<group>"; };
		0403572826A7DBAA00277966 /* LogoutVC.swift */ = {isa = PBXFileReference; lastKnownFileType = sourcecode.swift; path = LogoutVC.swift; sourceTree = "<group>"; };
		0403572B26A7DD7A00277966 /* SlideInTransition.swift */ = {isa = PBXFileReference; lastKnownFileType = sourcecode.swift; path = SlideInTransition.swift; sourceTree = "<group>"; };
		040724D3269D277800DC690E /* Imagedownload.swift */ = {isa = PBXFileReference; lastKnownFileType = sourcecode.swift; path = Imagedownload.swift; sourceTree = "<group>"; };
		0407274E269E804900623B41 /* Constants.swift */ = {isa = PBXFileReference; lastKnownFileType = sourcecode.swift; path = Constants.swift; sourceTree = "<group>"; };
		04072770269FCDEF00623B41 /* ImageSet.swift */ = {isa = PBXFileReference; lastKnownFileType = sourcecode.swift; path = ImageSet.swift; sourceTree = "<group>"; };
		04072773269FDE2800623B41 /* UpTableViewCell.swift */ = {isa = PBXFileReference; lastKnownFileType = sourcecode.swift; path = UpTableViewCell.swift; sourceTree = "<group>"; };
		04072774269FDE2800623B41 /* UpTableViewCell.xib */ = {isa = PBXFileReference; lastKnownFileType = file.xib; path = UpTableViewCell.xib; sourceTree = "<group>"; };
		042324F726A175BD00CD827E /* detaiViewController.swift */ = {isa = PBXFileReference; lastKnownFileType = sourcecode.swift; path = detaiViewController.swift; sourceTree = "<group>"; };
		0451C92E2698432000FA4DAC /* Movie 2.app */ = {isa = PBXFileReference; explicitFileType = wrapper.application; includeInIndex = 0; path = "Movie 2.app"; sourceTree = BUILT_PRODUCTS_DIR; };
		0451C9312698432000FA4DAC /* AppDelegate.swift */ = {isa = PBXFileReference; lastKnownFileType = sourcecode.swift; path = AppDelegate.swift; sourceTree = "<group>"; };
		0451C9332698432000FA4DAC /* SceneDelegate.swift */ = {isa = PBXFileReference; lastKnownFileType = sourcecode.swift; path = SceneDelegate.swift; sourceTree = "<group>"; };
		0451C9382698432000FA4DAC /* Base */ = {isa = PBXFileReference; lastKnownFileType = file.storyboard; name = Base; path = Base.lproj/Main.storyboard; sourceTree = "<group>"; };
		0451C93A2698432200FA4DAC /* Assets.xcassets */ = {isa = PBXFileReference; lastKnownFileType = folder.assetcatalog; path = Assets.xcassets; sourceTree = "<group>"; };
		0451C93D2698432200FA4DAC /* Base */ = {isa = PBXFileReference; lastKnownFileType = file.storyboard; name = Base; path = Base.lproj/LaunchScreen.storyboard; sourceTree = "<group>"; };
		0451C93F2698432200FA4DAC /* Info.plist */ = {isa = PBXFileReference; lastKnownFileType = text.plist.xml; path = Info.plist; sourceTree = "<group>"; };
		0451C9492698497000FA4DAC /* MovieDataModel.swift */ = {isa = PBXFileReference; lastKnownFileType = sourcecode.swift; path = MovieDataModel.swift; sourceTree = "<group>"; };
		0451C95026984EC800FA4DAC /* HomeMovie.swift */ = {isa = PBXFileReference; lastKnownFileType = sourcecode.swift; path = HomeMovie.swift; sourceTree = "<group>"; };
		0451C9622698589800FA4DAC /* HomeTableViewCell.swift */ = {isa = PBXFileReference; lastKnownFileType = sourcecode.swift; path = HomeTableViewCell.swift; sourceTree = "<group>"; };
		0451C9632698589800FA4DAC /* HomeTableViewCell.xib */ = {isa = PBXFileReference; lastKnownFileType = file.xib; path = HomeTableViewCell.xib; sourceTree = "<group>"; };
		0451C9672698596200FA4DAC /* HomeCollectionViewCell.swift */ = {isa = PBXFileReference; lastKnownFileType = sourcecode.swift; path = HomeCollectionViewCell.swift; sourceTree = "<group>"; };
		0451C9682698596200FA4DAC /* HomeCollectionViewCell.xib */ = {isa = PBXFileReference; lastKnownFileType = file.xib; path = HomeCollectionViewCell.xib; sourceTree = "<group>"; };
		0451C96E269BDF6A00FA4DAC /* MovieData.swift */ = {isa = PBXFileReference; lastKnownFileType = sourcecode.swift; path = MovieData.swift; sourceTree = "<group>"; };
		0451C97A269C173500FA4DAC /* Movie.json */ = {isa = PBXFileReference; fileEncoding = 4; lastKnownFileType = text.json; path = Movie.json; sourceTree = "<group>"; };
		43D7C447DEBCDA8684EFDBB3 /* Pods-Movie 2.release.xcconfig */ = {isa = PBXFileReference; includeInIndex = 1; lastKnownFileType = text.xcconfig; name = "Pods-Movie 2.release.xcconfig"; path = "Target Support Files/Pods-Movie 2/Pods-Movie 2.release.xcconfig"; sourceTree = "<group>"; };
		86F4D2765AD70CDA9E9C7868 /* Pods-Movie 2.debug.xcconfig */ = {isa = PBXFileReference; includeInIndex = 1; lastKnownFileType = text.xcconfig; name = "Pods-Movie 2.debug.xcconfig"; path = "Target Support Files/Pods-Movie 2/Pods-Movie 2.debug.xcconfig"; sourceTree = "<group>"; };
		975C7E61E1AE536C7C0B40E2 /* Pods_Movie_2.framework */ = {isa = PBXFileReference; explicitFileType = wrapper.framework; includeInIndex = 0; path = Pods_Movie_2.framework; sourceTree = BUILT_PRODUCTS_DIR; };
/* End PBXFileReference section */

/* Begin PBXFrameworksBuildPhase section */
		0451C92B2698432000FA4DAC /* Frameworks */ = {
			isa = PBXFrameworksBuildPhase;
			buildActionMask = 2147483647;
			files = (
				88A7E5625B7FCBB6E3B1B301 /* Pods_Movie_2.framework in Frameworks */,
			);
			runOnlyForDeploymentPostprocessing = 0;
		};
/* End PBXFrameworksBuildPhase section */

/* Begin PBXGroup section */
		0451C9252698432000FA4DAC = {
			isa = PBXGroup;
			children = (
				0451C97D269C227F00FA4DAC /* Extension */,
				0451C9462698490E00FA4DAC /* Model */,
				0451C9472698491400FA4DAC /* view */,
				0451C9482698492000FA4DAC /* Controller */,
				0451C9302698432000FA4DAC /* Movie 2 */,
				0451C92F2698432000FA4DAC /* Products */,
				710CE7AD3AC2F7BF9D5FEE68 /* Pods */,
				EE331F34F89ABDC8839E5F45 /* Frameworks */,
			);
			sourceTree = "<group>";
		};
		0451C92F2698432000FA4DAC /* Products */ = {
			isa = PBXGroup;
			children = (
				0451C92E2698432000FA4DAC /* Movie 2.app */,
			);
			name = Products;
			sourceTree = "<group>";
		};
		0451C9302698432000FA4DAC /* Movie 2 */ = {
			isa = PBXGroup;
			children = (
				0451C9312698432000FA4DAC /* AppDelegate.swift */,
				0451C9332698432000FA4DAC /* SceneDelegate.swift */,
				0451C9372698432000FA4DAC /* Main.storyboard */,
				0451C93A2698432200FA4DAC /* Assets.xcassets */,
				0451C93C2698432200FA4DAC /* LaunchScreen.storyboard */,
				0451C93F2698432200FA4DAC /* Info.plist */,
			);
			path = "Movie 2";
			sourceTree = "<group>";
		};
		0451C9462698490E00FA4DAC /* Model */ = {
			isa = PBXGroup;
			children = (
				0451C97A269C173500FA4DAC /* Movie.json */,
				0451C9492698497000FA4DAC /* MovieDataModel.swift */,
				0451C96E269BDF6A00FA4DAC /* MovieData.swift */,
			);
			path = Model;
			sourceTree = "<group>";
		};
		0451C9472698491400FA4DAC /* view */ = {
			isa = PBXGroup;
			children = (
				04072773269FDE2800623B41 /* UpTableViewCell.swift */,
				04072774269FDE2800623B41 /* UpTableViewCell.xib */,
				0451C9622698589800FA4DAC /* HomeTableViewCell.swift */,
				0451C9632698589800FA4DAC /* HomeTableViewCell.xib */,
				0451C9672698596200FA4DAC /* HomeCollectionViewCell.swift */,
				0451C9682698596200FA4DAC /* HomeCollectionViewCell.xib */,
				040356E526A6CD7800277966 /* tabBarVC.swift */,
			);
			path = view;
			sourceTree = "<group>";
		};
		0451C9482698492000FA4DAC /* Controller */ = {
			isa = PBXGroup;
			children = (
				040356D126A67AFE00277966 /* homTabBarcontroller.swift */,
				0451C95026984EC800FA4DAC /* HomeMovie.swift */,
				042324F726A175BD00CD827E /* detaiViewController.swift */,
				0403571126A7CFB200277966 /* SeachViewController.swift */,
				0403571426A7CFC200277966 /* FavViewController.swift */,
				0403571B26A7DA3F00277966 /* SlideMenu.swift */,
				0403572226A7DB7B00277966 /* ProfileVC.swift */,
				0403572526A7DB9100277966 /* SettingsVC.swift */,
				0403572826A7DBAA00277966 /* LogoutVC.swift */,
			);
			path = Controller;
			sourceTree = "<group>";
		};
		0451C97D269C227F00FA4DAC /* Extension */ = {
			isa = PBXGroup;
			children = (
				040724D3269D277800DC690E /* Imagedownload.swift */,
				0407274E269E804900623B41 /* Constants.swift */,
				04072770269FCDEF00623B41 /* ImageSet.swift */,
				0403572B26A7DD7A00277966 /* SlideInTransition.swift */,
			);
			path = Extension;
			sourceTree = "<group>";
		};
		710CE7AD3AC2F7BF9D5FEE68 /* Pods */ = {
			isa = PBXGroup;
			children = (
				86F4D2765AD70CDA9E9C7868 /* Pods-Movie 2.debug.xcconfig */,
				43D7C447DEBCDA8684EFDBB3 /* Pods-Movie 2.release.xcconfig */,
			);
			path = Pods;
			sourceTree = "<group>";
		};
		EE331F34F89ABDC8839E5F45 /* Frameworks */ = {
			isa = PBXGroup;
			children = (
				975C7E61E1AE536C7C0B40E2 /* Pods_Movie_2.framework */,
			);
			name = Frameworks;
			sourceTree = "<group>";
		};
/* End PBXGroup section */

/* Begin PBXNativeTarget section */
		0451C92D2698432000FA4DAC /* Movie 2 */ = {
			isa = PBXNativeTarget;
			buildConfigurationList = 0451C9422698432200FA4DAC /* Build configuration list for PBXNativeTarget "Movie 2" */;
			buildPhases = (
				F9D9632CDF327ABCC6FFCC8A /* [CP] Check Pods Manifest.lock */,
				0451C92A2698432000FA4DAC /* Sources */,
				0451C92B2698432000FA4DAC /* Frameworks */,
				0451C92C2698432000FA4DAC /* Resources */,
				2FFCAA82F8011427BC519F38 /* [CP] Embed Pods Frameworks */,
			);
			buildRules = (
			);
			dependencies = (
			);
			name = "Movie 2";
			productName = "Movie 2";
			productReference = 0451C92E2698432000FA4DAC /* Movie 2.app */;
			productType = "com.apple.product-type.application";
		};
/* End PBXNativeTarget section */

/* Begin PBXProject section */
		0451C9262698432000FA4DAC /* Project object */ = {
			isa = PBXProject;
			attributes = {
				LastSwiftUpdateCheck = 1240;
				LastUpgradeCheck = 1240;
				TargetAttributes = {
					0451C92D2698432000FA4DAC = {
						CreatedOnToolsVersion = 12.4;
					};
				};
			};
			buildConfigurationList = 0451C9292698432000FA4DAC /* Build configuration list for PBXProject "Movie 2" */;
			compatibilityVersion = "Xcode 9.3";
			developmentRegion = en;
			hasScannedForEncodings = 0;
			knownRegions = (
				en,
				Base,
			);
			mainGroup = 0451C9252698432000FA4DAC;
			productRefGroup = 0451C92F2698432000FA4DAC /* Products */;
			projectDirPath = "";
			projectRoot = "";
			targets = (
				0451C92D2698432000FA4DAC /* Movie 2 */,
			);
		};
/* End PBXProject section */

/* Begin PBXResourcesBuildPhase section */
		0451C92C2698432000FA4DAC /* Resources */ = {
			isa = PBXResourcesBuildPhase;
			buildActionMask = 2147483647;
			files = (
				0451C97B269C173500FA4DAC /* Movie.json in Resources */,
				0451C93E2698432200FA4DAC /* LaunchScreen.storyboard in Resources */,
				0451C96A2698596200FA4DAC /* HomeCollectionViewCell.xib in Resources */,
				0451C93B2698432200FA4DAC /* Assets.xcassets in Resources */,
				0451C9652698589800FA4DAC /* HomeTableViewCell.xib in Resources */,
				0451C9392698432000FA4DAC /* Main.storyboard in Resources */,
				04072776269FDE2800623B41 /* UpTableViewCell.xib in Resources */,
			);
			runOnlyForDeploymentPostprocessing = 0;
		};
/* End PBXResourcesBuildPhase section */

/* Begin PBXShellScriptBuildPhase section */
		2FFCAA82F8011427BC519F38 /* [CP] Embed Pods Frameworks */ = {
			isa = PBXShellScriptBuildPhase;
			buildActionMask = 2147483647;
			files = (
			);
			inputFileListPaths = (
				"${PODS_ROOT}/Target Support Files/Pods-Movie 2/Pods-Movie 2-frameworks-${CONFIGURATION}-input-files.xcfilelist",
			);
			name = "[CP] Embed Pods Frameworks";
			outputFileListPaths = (
				"${PODS_ROOT}/Target Support Files/Pods-Movie 2/Pods-Movie 2-frameworks-${CONFIGURATION}-output-files.xcfilelist",
			);
			runOnlyForDeploymentPostprocessing = 0;
			shellPath = /bin/sh;
			shellScript = "\"${PODS_ROOT}/Target Support Files/Pods-Movie 2/Pods-Movie 2-frameworks.sh\"\n";
			showEnvVarsInLog = 0;
		};
		F9D9632CDF327ABCC6FFCC8A /* [CP] Check Pods Manifest.lock */ = {
			isa = PBXShellScriptBuildPhase;
			buildActionMask = 2147483647;
			files = (
			);
			inputFileListPaths = (
			);
			inputPaths = (
				"${PODS_PODFILE_DIR_PATH}/Podfile.lock",
				"${PODS_ROOT}/Manifest.lock",
			);
			name = "[CP] Check Pods Manifest.lock";
			outputFileListPaths = (
			);
			outputPaths = (
				"$(DERIVED_FILE_DIR)/Pods-Movie 2-checkManifestLockResult.txt",
			);
			runOnlyForDeploymentPostprocessing = 0;
			shellPath = /bin/sh;
			shellScript = "diff \"${PODS_PODFILE_DIR_PATH}/Podfile.lock\" \"${PODS_ROOT}/Manifest.lock\" > /dev/null\nif [ $? != 0 ] ; then\n    # print error to STDERR\n    echo \"error: The sandbox is not in sync with the Podfile.lock. Run 'pod install' or update your CocoaPods installation.\" >&2\n    exit 1\nfi\n# This output is used by Xcode 'outputs' to avoid re-running this script phase.\necho \"SUCCESS\" > \"${SCRIPT_OUTPUT_FILE_0}\"\n";
			showEnvVarsInLog = 0;
		};
/* End PBXShellScriptBuildPhase section */

/* Begin PBXSourcesBuildPhase section */
		0451C92A2698432000FA4DAC /* Sources */ = {
			isa = PBXSourcesBuildPhase;
			buildActionMask = 2147483647;
			files = (
				040356D226A67AFE00277966 /* homTabBarcontroller.swift in Sources */,
				0451C9692698596200FA4DAC /* HomeCollectionViewCell.swift in Sources */,
				0451C9642698589800FA4DAC /* HomeTableViewCell.swift in Sources */,
				0403572326A7DB7B00277966 /* ProfileVC.swift in Sources */,
				040724D4269D277800DC690E /* Imagedownload.swift in Sources */,
				0451C95126984EC800FA4DAC /* HomeMovie.swift in Sources */,
				0451C96F269BDF6A00FA4DAC /* MovieData.swift in Sources */,
				0451C9322698432000FA4DAC /* AppDelegate.swift in Sources */,
				0403572926A7DBAA00277966 /* LogoutVC.swift in Sources */,
				0403571226A7CFB200277966 /* SeachViewController.swift in Sources */,
				0403572626A7DB9100277966 /* SettingsVC.swift in Sources */,
				0403571C26A7DA3F00277966 /* SlideMenu.swift in Sources */,
				0451C94A2698497000FA4DAC /* MovieDataModel.swift in Sources */,
				040356E626A6CD7800277966 /* tabBarVC.swift in Sources */,
				04072775269FDE2800623B41 /* UpTableViewCell.swift in Sources */,
				0403571526A7CFC200277966 /* FavViewController.swift in Sources */,
				0403572C26A7DD7A00277966 /* SlideInTransition.swift in Sources */,
				0407274F269E804900623B41 /* Constants.swift in Sources */,
				04072771269FCDEF00623B41 /* ImageSet.swift in Sources */,
				042324F826A175BD00CD827E /* detaiViewController.swift in Sources */,
				0451C9342698432000FA4DAC /* SceneDelegate.swift in Sources */,
			);
			runOnlyForDeploymentPostprocessing = 0;
		};
/* End PBXSourcesBuildPhase section */

/* Begin PBXVariantGroup section */
		0451C9372698432000FA4DAC /* Main.storyboard */ = {
			isa = PBXVariantGroup;
			children = (
				0451C9382698432000FA4DAC /* Base */,
			);
			name = Main.storyboard;
			sourceTree = "<group>";
		};
		0451C93C2698432200FA4DAC /* LaunchScreen.storyboard */ = {
			isa = PBXVariantGroup;
			children = (
				0451C93D2698432200FA4DAC /* Base */,
			);
			name = LaunchScreen.storyboard;
			sourceTree = "<group>";
		};
/* End PBXVariantGroup section */

/* Begin XCBuildConfiguration section */
		0451C9402698432200FA4DAC /* Debug */ = {
			isa = XCBuildConfiguration;
			buildSettings = {
				ALWAYS_SEARCH_USER_PATHS = NO;
				CLANG_ANALYZER_NONNULL = YES;
				CLANG_ANALYZER_NUMBER_OBJECT_CONVERSION = YES_AGGRESSIVE;
				CLANG_CXX_LANGUAGE_STANDARD = "gnu++14";
				CLANG_CXX_LIBRARY = "libc++";
				CLANG_ENABLE_MODULES = YES;
				CLANG_ENABLE_OBJC_ARC = YES;
				CLANG_ENABLE_OBJC_WEAK = YES;
				CLANG_WARN_BLOCK_CAPTURE_AUTORELEASING = YES;
				CLANG_WARN_BOOL_CONVERSION = YES;
				CLANG_WARN_COMMA = YES;
				CLANG_WARN_CONSTANT_CONVERSION = YES;
				CLANG_WARN_DEPRECATED_OBJC_IMPLEMENTATIONS = YES;
				CLANG_WARN_DIRECT_OBJC_ISA_USAGE = YES_ERROR;
				CLANG_WARN_DOCUMENTATION_COMMENTS = YES;
				CLANG_WARN_EMPTY_BODY = YES;
				CLANG_WARN_ENUM_CONVERSION = YES;
				CLANG_WARN_INFINITE_RECURSION = YES;
				CLANG_WARN_INT_CONVERSION = YES;
				CLANG_WARN_NON_LITERAL_NULL_CONVERSION = YES;
				CLANG_WARN_OBJC_IMPLICIT_RETAIN_SELF = YES;
				CLANG_WARN_OBJC_LITERAL_CONVERSION = YES;
				CLANG_WARN_OBJC_ROOT_CLASS = YES_ERROR;
				CLANG_WARN_QUOTED_INCLUDE_IN_FRAMEWORK_HEADER = YES;
				CLANG_WARN_RANGE_LOOP_ANALYSIS = YES;
				CLANG_WARN_STRICT_PROTOTYPES = YES;
				CLANG_WARN_SUSPICIOUS_MOVE = YES;
				CLANG_WARN_UNGUARDED_AVAILABILITY = YES_AGGRESSIVE;
				CLANG_WARN_UNREACHABLE_CODE = YES;
				CLANG_WARN__DUPLICATE_METHOD_MATCH = YES;
				COPY_PHASE_STRIP = NO;
				DEBUG_INFORMATION_FORMAT = dwarf;
				ENABLE_STRICT_OBJC_MSGSEND = YES;
				ENABLE_TESTABILITY = YES;
				GCC_C_LANGUAGE_STANDARD = gnu11;
				GCC_DYNAMIC_NO_PIC = NO;
				GCC_NO_COMMON_BLOCKS = YES;
				GCC_OPTIMIZATION_LEVEL = 0;
				GCC_PREPROCESSOR_DEFINITIONS = (
					"DEBUG=1",
					"$(inherited)",
				);
				GCC_WARN_64_TO_32_BIT_CONVERSION = YES;
				GCC_WARN_ABOUT_RETURN_TYPE = YES_ERROR;
				GCC_WARN_UNDECLARED_SELECTOR = YES;
				GCC_WARN_UNINITIALIZED_AUTOS = YES_AGGRESSIVE;
				GCC_WARN_UNUSED_FUNCTION = YES;
				GCC_WARN_UNUSED_VARIABLE = YES;
				IPHONEOS_DEPLOYMENT_TARGET = 14.4;
				MTL_ENABLE_DEBUG_INFO = INCLUDE_SOURCE;
				MTL_FAST_MATH = YES;
				ONLY_ACTIVE_ARCH = YES;
				SDKROOT = iphoneos;
				SWIFT_ACTIVE_COMPILATION_CONDITIONS = DEBUG;
				SWIFT_OPTIMIZATION_LEVEL = "-Onone";
			};
			name = Debug;
		};
		0451C9412698432200FA4DAC /* Release */ = {
			isa = XCBuildConfiguration;
			buildSettings = {
				ALWAYS_SEARCH_USER_PATHS = NO;
				CLANG_ANALYZER_NONNULL = YES;
				CLANG_ANALYZER_NUMBER_OBJECT_CONVERSION = YES_AGGRESSIVE;
				CLANG_CXX_LANGUAGE_STANDARD = "gnu++14";
				CLANG_CXX_LIBRARY = "libc++";
				CLANG_ENABLE_MODULES = YES;
				CLANG_ENABLE_OBJC_ARC = YES;
				CLANG_ENABLE_OBJC_WEAK = YES;
				CLANG_WARN_BLOCK_CAPTURE_AUTORELEASING = YES;
				CLANG_WARN_BOOL_CONVERSION = YES;
				CLANG_WARN_COMMA = YES;
				CLANG_WARN_CONSTANT_CONVERSION = YES;
				CLANG_WARN_DEPRECATED_OBJC_IMPLEMENTATIONS = YES;
				CLANG_WARN_DIRECT_OBJC_ISA_USAGE = YES_ERROR;
				CLANG_WARN_DOCUMENTATION_COMMENTS = YES;
				CLANG_WARN_EMPTY_BODY = YES;
				CLANG_WARN_ENUM_CONVERSION = YES;
				CLANG_WARN_INFINITE_RECURSION = YES;
				CLANG_WARN_INT_CONVERSION = YES;
				CLANG_WARN_NON_LITERAL_NULL_CONVERSION = YES;
				CLANG_WARN_OBJC_IMPLICIT_RETAIN_SELF = YES;
				CLANG_WARN_OBJC_LITERAL_CONVERSION = YES;
				CLANG_WARN_OBJC_ROOT_CLASS = YES_ERROR;
				CLANG_WARN_QUOTED_INCLUDE_IN_FRAMEWORK_HEADER = YES;
				CLANG_WARN_RANGE_LOOP_ANALYSIS = YES;
				CLANG_WARN_STRICT_PROTOTYPES = YES;
				CLANG_WARN_SUSPICIOUS_MOVE = YES;
				CLANG_WARN_UNGUARDED_AVAILABILITY = YES_AGGRESSIVE;
				CLANG_WARN_UNREACHABLE_CODE = YES;
				CLANG_WARN__DUPLICATE_METHOD_MATCH = YES;
				COPY_PHASE_STRIP = NO;
				DEBUG_INFORMATION_FORMAT = "dwarf-with-dsym";
				ENABLE_NS_ASSERTIONS = NO;
				ENABLE_STRICT_OBJC_MSGSEND = YES;
				GCC_C_LANGUAGE_STANDARD = gnu11;
				GCC_NO_COMMON_BLOCKS = YES;
				GCC_WARN_64_TO_32_BIT_CONVERSION = YES;
				GCC_WARN_ABOUT_RETURN_TYPE = YES_ERROR;
				GCC_WARN_UNDECLARED_SELECTOR = YES;
				GCC_WARN_UNINITIALIZED_AUTOS = YES_AGGRESSIVE;
				GCC_WARN_UNUSED_FUNCTION = YES;
				GCC_WARN_UNUSED_VARIABLE = YES;
				IPHONEOS_DEPLOYMENT_TARGET = 14.4;
				MTL_ENABLE_DEBUG_INFO = NO;
				MTL_FAST_MATH = YES;
				SDKROOT = iphoneos;
				SWIFT_COMPILATION_MODE = wholemodule;
				SWIFT_OPTIMIZATION_LEVEL = "-O";
				VALIDATE_PRODUCT = YES;
			};
			name = Release;
		};
		0451C9432698432200FA4DAC /* Debug */ = {
			isa = XCBuildConfiguration;
			baseConfigurationReference = 86F4D2765AD70CDA9E9C7868 /* Pods-Movie 2.debug.xcconfig */;
			buildSettings = {
				ASSETCATALOG_COMPILER_APPICON_NAME = AppIcon;
				ASSETCATALOG_COMPILER_GLOBAL_ACCENT_COLOR_NAME = AccentColor;
				CODE_SIGN_ENTITLEMENTS = "Movie 2/Movie 2.entitlements";
				CODE_SIGN_STYLE = Automatic;
				DEVELOPMENT_TEAM = 55K7X4529J;
				INFOPLIST_FILE = "Movie 2/Info.plist";
				IPHONEOS_DEPLOYMENT_TARGET = 13.0;
				LD_RUNPATH_SEARCH_PATHS = (
					"$(inherited)",
					"@executable_path/Frameworks",
				);
				PRODUCT_BUNDLE_IDENTIFIER = "com.MinhDev.Movie-2";
				PRODUCT_NAME = "$(TARGET_NAME)";
				SWIFT_VERSION = 5.0;
				TARGETED_DEVICE_FAMILY = "1,2";
			};
			name = Debug;
		};
		0451C9442698432200FA4DAC /* Release */ = {
			isa = XCBuildConfiguration;
			baseConfigurationReference = 43D7C447DEBCDA8684EFDBB3 /* Pods-Movie 2.release.xcconfig */;
			buildSettings = {
				ASSETCATALOG_COMPILER_APPICON_NAME = AppIcon;
				ASSETCATALOG_COMPILER_GLOBAL_ACCENT_COLOR_NAME = AccentColor;
				CODE_SIGN_ENTITLEMENTS = "Movie 2/Movie 2.entitlements";
				CODE_SIGN_STYLE = Automatic;
				DEVELOPMENT_TEAM = 55K7X4529J;
				INFOPLIST_FILE = "Movie 2/Info.plist";
				IPHONEOS_DEPLOYMENT_TARGET = 13.0;
				LD_RUNPATH_SEARCH_PATHS = (
					"$(inherited)",
					"@executable_path/Frameworks",
				);
				PRODUCT_BUNDLE_IDENTIFIER = "com.MinhDev.Movie-2";
				PRODUCT_NAME = "$(TARGET_NAME)";
				SWIFT_VERSION = 5.0;
				TARGETED_DEVICE_FAMILY = "1,2";
			};
			name = Release;
		};
/* End XCBuildConfiguration section */

/* Begin XCConfigurationList section */
		0451C9292698432000FA4DAC /* Build configuration list for PBXProject "Movie 2" */ = {
			isa = XCConfigurationList;
			buildConfigurations = (
				0451C9402698432200FA4DAC /* Debug */,
				0451C9412698432200FA4DAC /* Release */,
			);
			defaultConfigurationIsVisible = 0;
			defaultConfigurationName = Release;
		};
		0451C9422698432200FA4DAC /* Build configuration list for PBXNativeTarget "Movie 2" */ = {
			isa = XCConfigurationList;
			buildConfigurations = (
				0451C9432698432200FA4DAC /* Debug */,
				0451C9442698432200FA4DAC /* Release */,
			);
			defaultConfigurationIsVisible = 0;
			defaultConfigurationName = Release;
		};
/* End XCConfigurationList section */
	};
	rootObject = 0451C9262698432000FA4DAC /* Project object */;
}
